
Microsoft Visual Studio Solution File, Format Version 12.00
# Visual Studio Version 16
VisualStudioVersion = 16.0.30907.101
MinimumVisualStudioVersion = 10.0.40219.1
Project("{9A19103F-16F7-4668-BE54-9A1E7A4F7556}") = "DataAccess", "DataAccess\DataAccess.csproj", "{C8A573C1-F34B-4381-964D-DFE5855A5E20}"
EndProject
Project("{9A19103F-16F7-4668-BE54-9A1E7A4F7556}") = "Business", "Business\Business.csproj", "{6E41C3DF-2C04-467E-A18E-132786A9FFC7}"
EndProject
Project("{9A19103F-16F7-4668-BE54-9A1E7A4F7556}") = "Entities", "Entities\Entities.csproj", "{00218DC5-9624-4A0F-B4C7-417653D54FA2}"
EndProject
Project("{9A19103F-16F7-4668-BE54-9A1E7A4F7556}") = "ConsoleUI", "ConsoleUI\ConsoleUI.csproj", "{15F361F5-2E3A-43C4-B578-F93A28BC5AD7}"
EndProject
Project("{9A19103F-16F7-4668-BE54-9A1E7A4F7556}") = "Core", "Core\Core.csproj", "{1E5E8D59-9C54-4DD3-B276-0EA5EBF194D7}"
EndProject
Project("{9A19103F-16F7-4668-BE54-9A1E7A4F7556}") = "WebAPI", "WebAPI\WebAPI.csproj", "{F770212E-D9D0-4DEF-902E-9B5D7182C0A2}"
EndProject
Project("{2150E333-8FDC-42A3-9474-1A3956D46DE8}") = "Images", "Images", "{AC476499-EE25-47B4-8193-A36C3CE9A36C}"
	ProjectSection(SolutionItems) = preProject
		..\..\..\Desktop\882f52495b224dc78e08a2c5601a6598_2_25_2021.jpeg = ..\..\..\Desktop\882f52495b224dc78e08a2c5601a6598_2_25_2021.jpeg
		..\..\..\Desktop\c7b8537b335e4e0ab144a73c28a24cbd_2_25_2021.jpeg = ..\..\..\Desktop\c7b8537b335e4e0ab144a73c28a24cbd_2_25_2021.jpeg
		..\..\..\Desktop\default.jpg = ..\..\..\Desktop\default.jpg
	EndProjectSection
EndProject
Global
	GlobalSection(SolutionConfigurationPlatforms) = preSolution
		Debug|Any CPU = Debug|Any CPU
		Release|Any CPU = Release|Any CPU
	EndGlobalSection
	GlobalSection(ProjectConfigurationPlatforms) = postSolution
		{C8A573C1-F34B-4381-964D-DFE5855A5E20}.Debug|Any CPU.ActiveCfg = Debug|Any CPU
		{C8A573C1-F34B-4381-964D-DFE5855A5E20}.Debug|Any CPU.Build.0 = Debug|Any CPU
		{C8A573C1-F34B-4381-964D-DFE5855A5E20}.Release|Any CPU.ActiveCfg = Release|Any CPU
		{C8A573C1-F34B-4381-964D-DFE5855A5E20}.Release|Any CPU.Build.0 = Release|Any CPU
		{6E41C3DF-2C04-467E-A18E-132786A9FFC7}.Debug|Any CPU.ActiveCfg = Debug|Any CPU
		{6E41C3DF-2C04-467E-A18E-132786A9FFC7}.Debug|Any CPU.Build.0 = Debug|Any CPU
		{6E41C3DF-2C04-467E-A18E-132786A9FFC7}.Release|Any CPU.ActiveCfg = Release|Any CPU
		{6E41C3DF-2C04-467E-A18E-132786A9FFC7}.Release|Any CPU.Build.0 = Release|Any CPU
		{00218DC5-9624-4A0F-B4C7-417653D54FA2}.Debug|Any CPU.ActiveCfg = Debug|Any CPU
		{00218DC5-9624-4A0F-B4C7-417653D54FA2}.Debug|Any CPU.Build.0 = Debug|Any CPU
		{00218DC5-9624-4A0F-B4C7-417653D54FA2}.Release|Any CPU.ActiveCfg = Release|Any CPU
		{00218DC5-9624-4A0F-B4C7-417653D54FA2}.Release|Any CPU.Build.0 = Release|Any CPU
		{15F361F5-2E3A-43C4-B578-F93A28BC5AD7}.Debug|Any CPU.ActiveCfg = Debug|Any CPU
		{15F361F5-2E3A-43C4-B578-F93A28BC5AD7}.Debug|Any CPU.Build.0 = Debug|Any CPU
		{15F361F5-2E3A-43C4-B578-F93A28BC5AD7}.Release|Any CPU.ActiveCfg = Release|Any CPU
		{15F361F5-2E3A-43C4-B578-F93A28BC5AD7}.Release|Any CPU.Build.0 = Release|Any CPU
		{1E5E8D59-9C54-4DD3-B276-0EA5EBF194D7}.Debug|Any CPU.ActiveCfg = Debug|Any CPU
		{1E5E8D59-9C54-4DD3-B276-0EA5EBF194D7}.Debug|Any CPU.Build.0 = Debug|Any CPU
		{1E5E8D59-9C54-4DD3-B276-0EA5EBF194D7}.Release|Any CPU.ActiveCfg = Release|Any CPU
		{1E5E8D59-9C54-4DD3-B276-0EA5EBF194D7}.Release|Any CPU.Build.0 = Release|Any CPU
		{F770212E-D9D0-4DEF-902E-9B5D7182C0A2}.Debug|Any CPU.ActiveCfg = Debug|Any CPU
		{F770212E-D9D0-4DEF-902E-9B5D7182C0A2}.Debug|Any CPU.Build.0 = Debug|Any CPU
		{F770212E-D9D0-4DEF-902E-9B5D7182C0A2}.Release|Any CPU.ActiveCfg = Release|Any CPU
		{F770212E-D9D0-4DEF-902E-9B5D7182C0A2}.Release|Any CPU.Build.0 = Release|Any CPU
	EndGlobalSection
	GlobalSection(SolutionProperties) = preSolution
		HideSolutionNode = FALSE
	EndGlobalSection
	GlobalSection(ExtensibilityGlobals) = postSolution
		SolutionGuid = {159C37F9-7F90-4918-AF1C-B23DEF0267C5}
	EndGlobalSection
EndGlobal
