
Microsoft Visual Studio Solution File, Format Version 12.00
# Visual Studio Version 16
VisualStudioVersion = 16.0.30907.101
MinimumVisualStudioVersion = 10.0.40219.1
Project("{FAE04EC0-301F-11D3-BF4B-00C04F79EFBC}") = "DataAccess", "DataAccess\DataAccess.csproj", "{C8A573C1-F34B-4381-964D-DFE5855A5E20}"
EndProject
Project("{FAE04EC0-301F-11D3-BF4B-00C04F79EFBC}") = "Business", "Business\Business.csproj", "{6E41C3DF-2C04-467E-A18E-132786A9FFC7}"
EndProject
Project("{FAE04EC0-301F-11D3-BF4B-00C04F79EFBC}") = "Entities", "Entities\Entities.csproj", "{00218DC5-9624-4A0F-B4C7-417653D54FA2}"
EndProject
Project("{FAE04EC0-301F-11D3-BF4B-00C04F79EFBC}") = "ConsoleUI", "ConsoleUI\ConsoleUI.csproj", "{15F361F5-2E3A-43C4-B578-F93A28BC5AD7}"
EndProject
Global
	GlobalSection(SolutionConfigurationPlatforms) = preSolution
		Debug|Any CPU = Debug|Any CPU
		Release|Any CPU = Release|Any CPU
	EndGlobalSection
	GlobalSection(ProjectConfigurationPlatforms) = postSolution
		{C8A573C1-F34B-4381-964D-DFE5855A5E20}.Debug|Any CPU.ActiveCfg = Debug|Any CPU
		{C8A573C1-F34B-4381-964D-DFE5855A5E20}.Debug|Any CPU.Build.0 = Debug|Any CPU
		{C8A573C1-F34B-4381-964D-DFE5855A5E20}.Release|Any CPU.ActiveCfg = Release|Any CPU
		{C8A573C1-F34B-4381-964D-DFE5855A5E20}.Release|Any CPU.Build.0 = Release|Any CPU
		{6E41C3DF-2C04-467E-A18E-132786A9FFC7}.Debug|Any CPU.ActiveCfg = Debug|Any CPU
		{6E41C3DF-2C04-467E-A18E-132786A9FFC7}.Debug|Any CPU.Build.0 = Debug|Any CPU
		{6E41C3DF-2C04-467E-A18E-132786A9FFC7}.Release|Any CPU.ActiveCfg = Release|Any CPU
		{6E41C3DF-2C04-467E-A18E-132786A9FFC7}.Release|Any CPU.Build.0 = Release|Any CPU
		{00218DC5-9624-4A0F-B4C7-417653D54FA2}.Debug|Any CPU.ActiveCfg = Debug|Any CPU
		{00218DC5-9624-4A0F-B4C7-417653D54FA2}.Debug|Any CPU.Build.0 = Debug|Any CPU
		{00218DC5-9624-4A0F-B4C7-417653D54FA2}.Release|Any CPU.ActiveCfg = Release|Any CPU
		{00218DC5-9624-4A0F-B4C7-417653D54FA2}.Release|Any CPU.Build.0 = Release|Any CPU
		{15F361F5-2E3A-43C4-B578-F93A28BC5AD7}.Debug|Any CPU.ActiveCfg = Debug|Any CPU
		{15F361F5-2E3A-43C4-B578-F93A28BC5AD7}.Debug|Any CPU.Build.0 = Debug|Any CPU
		{15F361F5-2E3A-43C4-B578-F93A28BC5AD7}.Release|Any CPU.ActiveCfg = Release|Any CPU
		{15F361F5-2E3A-43C4-B578-F93A28BC5AD7}.Release|Any CPU.Build.0 = Release|Any CPU
	EndGlobalSection
	GlobalSection(SolutionProperties) = preSolution
		HideSolutionNode = FALSE
	EndGlobalSection
	GlobalSection(ExtensibilityGlobals) = postSolution
		SolutionGuid = {159C37F9-7F90-4918-AF1C-B23DEF0267C5}
	EndGlobalSection
EndGlobal
